
Microsoft Visual Studio Solution File, Format Version 12.00
# Visual Studio Version 17
VisualStudioVersion = 17.3.32819.101
MinimumVisualStudioVersion = 10.0.40219.1
Project("{9A19103F-16F7-4668-BE54-9A1E7A4F7556}") = "Shop", "Shop.csproj", "{42939F32-A8BB-4D53-BA34-0EA4EDBDBA79}"
EndProject
Project("{FAE04EC0-301F-11D3-BF4B-00C04F79EFBC}") = "MyShopTests", "..\MyShopTests\MyShopTests.csproj", "{F2843136-CEA2-41EB-99EF-0BB7A2A554EF}"
EndProject
Global
	GlobalSection(SolutionConfigurationPlatforms) = preSolution
		Debug|Any CPU = Debug|Any CPU
		Release|Any CPU = Release|Any CPU
	EndGlobalSection
	GlobalSection(ProjectConfigurationPlatforms) = postSolution
		{42939F32-A8BB-4D53-BA34-0EA4EDBDBA79}.Debug|Any CPU.ActiveCfg = Debug|Any CPU
		{42939F32-A8BB-4D53-BA34-0EA4EDBDBA79}.Debug|Any CPU.Build.0 = Debug|Any CPU
		{42939F32-A8BB-4D53-BA34-0EA4EDBDBA79}.Release|Any CPU.ActiveCfg = Release|Any CPU
		{42939F32-A8BB-4D53-BA34-0EA4EDBDBA79}.Release|Any CPU.Build.0 = Release|Any CPU
		{F2843136-CEA2-41EB-99EF-0BB7A2A554EF}.Debug|Any CPU.ActiveCfg = Debug|Any CPU
		{F2843136-CEA2-41EB-99EF-0BB7A2A554EF}.Debug|Any CPU.Build.0 = Debug|Any CPU
		{F2843136-CEA2-41EB-99EF-0BB7A2A554EF}.Release|Any CPU.ActiveCfg = Release|Any CPU
		{F2843136-CEA2-41EB-99EF-0BB7A2A554EF}.Release|Any CPU.Build.0 = Release|Any CPU
	EndGlobalSection
	GlobalSection(SolutionProperties) = preSolution
		HideSolutionNode = FALSE
	EndGlobalSection
	GlobalSection(ExtensibilityGlobals) = postSolution
		SolutionGuid = {BCA62E31-FF47-4EC1-AF5C-12F9F39C4FFE}
	EndGlobalSection
EndGlobal
