
Microsoft Visual Studio Solution File, Format Version 12.00
# Visual Studio Version 17
VisualStudioVersion = 17.3.32819.101
MinimumVisualStudioVersion = 10.0.40219.1
Project("{FAE04EC0-301F-11D3-BF4B-00C04F79EFBC}") = "dbfirst", "dbfirst.csproj", "{BE1FDE39-908C-4AEC-A6A0-ED73656AA771}"
EndProject
Project("{FAE04EC0-301F-11D3-BF4B-00C04F79EFBC}") = "OrdersTests", "..\OrdersTests\OrdersTests.csproj", "{C0C0C0CE-AF21-4342-877E-7E5E9B662661}"
EndProject
Global
	GlobalSection(SolutionConfigurationPlatforms) = preSolution
		Debug|Any CPU = Debug|Any CPU
		Release|Any CPU = Release|Any CPU
	EndGlobalSection
	GlobalSection(ProjectConfigurationPlatforms) = postSolution
		{BE1FDE39-908C-4AEC-A6A0-ED73656AA771}.Debug|Any CPU.ActiveCfg = Debug|Any CPU
		{BE1FDE39-908C-4AEC-A6A0-ED73656AA771}.Debug|Any CPU.Build.0 = Debug|Any CPU
		{BE1FDE39-908C-4AEC-A6A0-ED73656AA771}.Release|Any CPU.ActiveCfg = Release|Any CPU
		{BE1FDE39-908C-4AEC-A6A0-ED73656AA771}.Release|Any CPU.Build.0 = Release|Any CPU
		{C0C0C0CE-AF21-4342-877E-7E5E9B662661}.Debug|Any CPU.ActiveCfg = Debug|Any CPU
		{C0C0C0CE-AF21-4342-877E-7E5E9B662661}.Debug|Any CPU.Build.0 = Debug|Any CPU
		{C0C0C0CE-AF21-4342-877E-7E5E9B662661}.Release|Any CPU.ActiveCfg = Release|Any CPU
		{C0C0C0CE-AF21-4342-877E-7E5E9B662661}.Release|Any CPU.Build.0 = Release|Any CPU
	EndGlobalSection
	GlobalSection(SolutionProperties) = preSolution
		HideSolutionNode = FALSE
	EndGlobalSection
	GlobalSection(ExtensibilityGlobals) = postSolution
		SolutionGuid = {FBBB6E4C-B856-48A5-8B98-393E64703259}
	EndGlobalSection
EndGlobal
