
Microsoft Visual Studio Solution File, Format Version 12.00
# Visual Studio Version 17
VisualStudioVersion = 17.3.32819.101
MinimumVisualStudioVersion = 10.0.40219.1
Project("{FAE04EC0-301F-11D3-BF4B-00C04F79EFBC}") = "EFChem", "EFChem.csproj", "{15D50617-A847-4D3F-AB9A-BDD38225E33E}"
EndProject
Global
	GlobalSection(SolutionConfigurationPlatforms) = preSolution
		Debug|Any CPU = Debug|Any CPU
		Release|Any CPU = Release|Any CPU
	EndGlobalSection
	GlobalSection(ProjectConfigurationPlatforms) = postSolution
		{15D50617-A847-4D3F-AB9A-BDD38225E33E}.Debug|Any CPU.ActiveCfg = Debug|Any CPU
		{15D50617-A847-4D3F-AB9A-BDD38225E33E}.Debug|Any CPU.Build.0 = Debug|Any CPU
		{15D50617-A847-4D3F-AB9A-BDD38225E33E}.Release|Any CPU.ActiveCfg = Release|Any CPU
		{15D50617-A847-4D3F-AB9A-BDD38225E33E}.Release|Any CPU.Build.0 = Release|Any CPU
	EndGlobalSection
	GlobalSection(SolutionProperties) = preSolution
		HideSolutionNode = FALSE
	EndGlobalSection
	GlobalSection(ExtensibilityGlobals) = postSolution
		SolutionGuid = {FA29F94A-456B-4643-9E6A-EFBE0B8C7C16}
	EndGlobalSection
EndGlobal
