
Microsoft Visual Studio Solution File, Format Version 12.00
# Visual Studio Version 17
VisualStudioVersion = 17.3.32819.101
MinimumVisualStudioVersion = 10.0.40219.1
Project("{FAE04EC0-301F-11D3-BF4B-00C04F79EFBC}") = "AdoNetFootball", "AdoNetFootball.csproj", "{FB3CC809-377B-4BA4-B216-9729741DDE9E}"
EndProject
Global
	GlobalSection(SolutionConfigurationPlatforms) = preSolution
		Debug|Any CPU = Debug|Any CPU
		Release|Any CPU = Release|Any CPU
	EndGlobalSection
	GlobalSection(ProjectConfigurationPlatforms) = postSolution
		{FB3CC809-377B-4BA4-B216-9729741DDE9E}.Debug|Any CPU.ActiveCfg = Debug|Any CPU
		{FB3CC809-377B-4BA4-B216-9729741DDE9E}.Debug|Any CPU.Build.0 = Debug|Any CPU
		{FB3CC809-377B-4BA4-B216-9729741DDE9E}.Release|Any CPU.ActiveCfg = Release|Any CPU
		{FB3CC809-377B-4BA4-B216-9729741DDE9E}.Release|Any CPU.Build.0 = Release|Any CPU
	EndGlobalSection
	GlobalSection(SolutionProperties) = preSolution
		HideSolutionNode = FALSE
	EndGlobalSection
	GlobalSection(ExtensibilityGlobals) = postSolution
		SolutionGuid = {7377E445-934D-4197-B792-795A8F010B2D}
	EndGlobalSection
EndGlobal
